
Microsoft Visual Studio Solution File, Format Version 12.00
# Visual Studio Version 17
VisualStudioVersion = 17.3.32929.385
MinimumVisualStudioVersion = 10.0.40219.1
Project("{9A19103F-16F7-4668-BE54-9A1E7A4F7556}") = "implement_Exam", "implement_Exam\implement_Exam.csproj", "{452C7B81-37A6-440E-A7B7-37D23139BD6B}"
EndProject
Global
	GlobalSection(SolutionConfigurationPlatforms) = preSolution
		Debug|Any CPU = Debug|Any CPU
		Release|Any CPU = Release|Any CPU
	EndGlobalSection
	GlobalSection(ProjectConfigurationPlatforms) = postSolution
		{452C7B81-37A6-440E-A7B7-37D23139BD6B}.Debug|Any CPU.ActiveCfg = Debug|Any CPU
		{452C7B81-37A6-440E-A7B7-37D23139BD6B}.Debug|Any CPU.Build.0 = Debug|Any CPU
		{452C7B81-37A6-440E-A7B7-37D23139BD6B}.Release|Any CPU.ActiveCfg = Release|Any CPU
		{452C7B81-37A6-440E-A7B7-37D23139BD6B}.Release|Any CPU.Build.0 = Release|Any CPU
	EndGlobalSection
	GlobalSection(SolutionProperties) = preSolution
		HideSolutionNode = FALSE
	EndGlobalSection
	GlobalSection(ExtensibilityGlobals) = postSolution
		SolutionGuid = {75920078-68E1-46E0-A20F-FABF7A4324A0}
	EndGlobalSection
EndGlobal
